<?xml version="1.0" encoding="UTF-8" standalone="yes" ?>
<CodeBlocks_project_file>
	<FileVersion major="1" minor="6" />
	<Project>
		<Option title="ppclient" />
		<Option pch_mode="2" />
		<Option compiler="gcc" />
		<Build>
			<Target title="Debug">
				<Option output="bin\Debug\ppclient" prefix_auto="1" extension_auto="1" />
				<Option object_output="obj\Debug\" />
				<Option type="1" />
				<Option compiler="gcc" />
				<Compiler>
					<Add option="-g" />
					<Add option="-I../filemanager/include/" />
					<Add option="-I../packet/include/" />
					<Add option="-I../connection/include/" />
					<Add option="-I../tcp/include/" />
					<Add option="-I../datamanager/include/" />
					<Add option="-I../datamanager/include/tinyxml/" />
					<Add option="-I../logger/include/" />
					<Add option="-I../data/include/" />
					<Add option="-I../callback/include/" />
					<Add option="-I../tcp/include/Exceptions/" />
					<Add option="-I../baseserver/include/" />
					<Add option="-I../mutex/include/" />
					<Add option="-Iinclude/" />
					<Add option="-DTIXML_USE_STL" />
				</Compiler>
				<Linker>
					<Add option="-lpthread" />
					<Add option="-lws2_32" />
				</Linker>
			</Target>
			<Target title="Release">
				<Option output="bin\Release\ppclient" prefix_auto="1" extension_auto="1" />
				<Option object_output="obj\Release\" />
				<Option type="1" />
				<Option compiler="gcc" />
				<Compiler>
					<Add option="-O2" />
				</Compiler>
				<Linker>
					<Add option="-s" />
				</Linker>
			</Target>
		</Build>
		<Compiler>
			<Add option="-Wall" />
			<Add option="-fexceptions" />
		</Compiler>
		<Unit filename="..\algorithm\include\DeploymentAlgorithm.hpp" />
		<Unit filename="..\algorithm\include\ShareDeployment.hpp" />
		<Unit filename="..\baseserver\include\BaseServer.hpp" />
		<Unit filename="..\baseserver\src\BaseServer.cpp" />
		<Unit filename="..\callback\include\PacketCallback.hpp" />
		<Unit filename="..\callback\include\callbackFunctionClient.hpp" />
		<Unit filename="..\callback\src\PacketCallback.cpp" />
		<Unit filename="..\callback\src\callbackFunctionClient.cpp" />
		<Unit filename="..\connection\include\Connection.hpp" />
		<Unit filename="..\connection\include\ConnectionManager.hpp" />
		<Unit filename="..\connection\src\Connection.cpp" />
		<Unit filename="..\connection\src\ConnectionManager.cpp" />
		<Unit filename="..\data\include\Data.hpp" />
		<Unit filename="..\data\src\Data.cpp" />
		<Unit filename="..\datamanager\include\ClientData.hpp" />
		<Unit filename="..\datamanager\include\DeploymentState.hpp" />
		<Unit filename="..\datamanager\include\Entity.hpp" />
		<Unit filename="..\datamanager\include\File.hpp" />
		<Unit filename="..\datamanager\include\Host.hpp" />
		<Unit filename="..\datamanager\include\State.hpp" />
		<Unit filename="..\datamanager\include\Zone.hpp" />
		<Unit filename="..\datamanager\src\ClientData.cpp" />
		<Unit filename="..\filemanager\include\Chunk.hpp" />
		<Unit filename="..\filemanager\include\DiskFullException.hpp" />
		<Unit filename="..\filemanager\include\FileManager.hpp" />
		<Unit filename="..\filemanager\include\OpenFileException.hpp" />
		<Unit filename="..\filemanager\include\md5.hpp" />
		<Unit filename="..\filemanager\src\Chunk.cpp" />
		<Unit filename="..\filemanager\src\FileManager.cpp" />
		<Unit filename="..\logger\include\Logger.hpp" />
		<Unit filename="..\logger\include\OpenFileException.hpp" />
		<Unit filename="..\logger\src\Logger.cpp" />
		<Unit filename="..\mutex\include\Mutex.hpp" />
		<Unit filename="..\mutex\src\Mutex.cpp" />
		<Unit filename="..\packet\include\Packet.hpp" />
		<Unit filename="..\packet\include\PacketAddHost.hpp" />
		<Unit filename="..\packet\include\PacketChunkReceived.hpp" />
		<Unit filename="..\packet\include\PacketDiskFull.hpp" />
		<Unit filename="..\packet\include\PacketMd5Error.hpp" />
		<Unit filename="..\packet\include\PacketNewFile.hpp" />
		<Unit filename="..\packet\include\PacketReady.hpp" />
		<Unit filename="..\packet\include\PacketRemoveHost.hpp" />
		<Unit filename="..\packet\include\PacketSendChunk.hpp" />
		<Unit filename="..\packet\include\PacketSendOperation.hpp" />
		<Unit filename="..\packet\include\PacketSendOperationFinished.hpp" />
		<Unit filename="..\packet\include\includePacket.hpp" />
		<Unit filename="..\packet\src\Packet.cpp" />
		<Unit filename="..\packet\src\PacketAddHost.cpp" />
		<Unit filename="..\packet\src\PacketChunkReceived.cpp" />
		<Unit filename="..\packet\src\PacketDiskFull.cpp" />
		<Unit filename="..\packet\src\PacketMd5Error.cpp" />
		<Unit filename="..\packet\src\PacketNewFile.cpp" />
		<Unit filename="..\packet\src\PacketReady.cpp" />
		<Unit filename="..\packet\src\PacketRemoveHost.cpp" />
		<Unit filename="..\packet\src\PacketSendChunk.cpp" />
		<Unit filename="..\packet\src\PacketSendOperation.cpp" />
		<Unit filename="..\packet\src\PacketSendOperationFinished.cpp" />
		<Unit filename="include\PolypeerClient.hpp" />
		<Unit filename="src\PolypeerClient.cpp" />
		<Unit filename="src\mainWindows.cpp" />
		<Unit filename="..\tcp\include\BaseSocket.hpp" />
		<Unit filename="..\tcp\include\Exceptions\AcceptException.hpp" />
		<Unit filename="..\tcp\include\Exceptions\BindException.hpp" />
		<Unit filename="..\tcp\include\Exceptions\ConnectionException.hpp" />
		<Unit filename="..\tcp\include\Exceptions\HostNotFoundException.hpp" />
		<Unit filename="..\tcp\include\Exceptions\TcpExceptions.hpp" />
		<Unit filename="..\tcp\include\ServerSocket.hpp" />
		<Unit filename="..\tcp\include\Socket.hpp" />
		<Unit filename="..\tcp\src\BaseSocket.cpp" />
		<Unit filename="..\tcp\src\ServerSocket.cpp" />
		<Unit filename="..\tcp\src\Socket.cpp" />
		<Unit filename="..\webserver\include\WebServer.hpp" />
		<Unit filename="..\webserver\include\mongoose.h" />
		<Unit filename="..\webserver\include\routes.hpp" />
		<Extensions>
			<code_completion />
			<debugger />
		</Extensions>
	</Project>
</CodeBlocks_project_file>
